lockfileVersion: '6.0'

importers:

  .:
    devDependencies:
      '@rollup/plugin-alias':
        specifier: ^5.0.0
        version: 5.0.0(rollup@3.21.0)
      '@rollup/plugin-terser':
        specifier: ^0.4.1
        version: 0.4.1(rollup@3.21.0)
      prettier:
        specifier: 2.8.8
        version: 2.8.8
      rollup:
        specifier: ^3.21.0
        version: 3.21.0
      rollup-plugin-esbuild:
        specifier: ^5.0.0
        version: 5.0.0(esbuild@0.17.18)(rollup@3.21.0)

  packages/reactivity: {}

  packages/runtime-core:
    dependencies:
      '@vue/reactivity':
        specifier: 1.0.0
        version: link:../reactivity
      '@vue/shared':
        specifier: 1.0.0
        version: link:../shared

  packages/runtime-dom:
    dependencies:
      '@vue/runtime-core':
        specifier: 1.0.0
        version: link:../runtime-core
      '@vue/shared':
        specifier: 1.0.0
        version: link:../shared

  packages/shared: {}

packages:

  /@esbuild/android-arm64@0.17.18:
    resolution: {integrity: sha512-/iq0aK0eeHgSC3z55ucMAHO05OIqmQehiGay8eP5l/5l+iEr4EIbh4/MI8xD9qRFjqzgkc0JkX0LculNC9mXBw==}
    engines: {node: '>=12'}
    cpu: [arm64]
    os: [android]
    requiresBuild: true
    dev: true
    optional: true

  /@esbuild/android-arm@0.17.18:
    resolution: {integrity: sha512-EmwL+vUBZJ7mhFCs5lA4ZimpUH3WMAoqvOIYhVQwdIgSpHC8ImHdsRyhHAVxpDYUSm0lWvd63z0XH1IlImS2Qw==}
    engines: {node: '>=12'}
    cpu: [arm]
    os: [android]
    requiresBuild: true
    dev: true
    optional: true

  /@esbuild/android-x64@0.17.18:
    resolution: {integrity: sha512-x+0efYNBF3NPW2Xc5bFOSFW7tTXdAcpfEg2nXmxegm4mJuVeS+i109m/7HMiOQ6M12aVGGFlqJX3RhNdYM2lWg==}
    engines: {node: '>=12'}
    cpu: [x64]
    os: [android]
    requiresBuild: true
    dev: true
    optional: true

  /@esbuild/darwin-arm64@0.17.18:
    resolution: {integrity: sha512-6tY+djEAdF48M1ONWnQb1C+6LiXrKjmqjzPNPWXhu/GzOHTHX2nh8Mo2ZAmBFg0kIodHhciEgUBtcYCAIjGbjQ==}
    engines: {node: '>=12'}
    cpu: [arm64]
    os: [darwin]
    requiresBuild: true
    dev: true
    optional: true

  /@esbuild/darwin-x64@0.17.18:
    resolution: {integrity: sha512-Qq84ykvLvya3dO49wVC9FFCNUfSrQJLbxhoQk/TE1r6MjHo3sFF2tlJCwMjhkBVq3/ahUisj7+EpRSz0/+8+9A==}
    engines: {node: '>=12'}
    cpu: [x64]
    os: [darwin]
    requiresBuild: true
    dev: true
    optional: true

  /@esbuild/freebsd-arm64@0.17.18:
    resolution: {integrity: sha512-fw/ZfxfAzuHfaQeMDhbzxp9mc+mHn1Y94VDHFHjGvt2Uxl10mT4CDavHm+/L9KG441t1QdABqkVYwakMUeyLRA==}
    engines: {node: '>=12'}
    cpu: [arm64]
    os: [freebsd]
    requiresBuild: true
    dev: true
    optional: true

  /@esbuild/freebsd-x64@0.17.18:
    resolution: {integrity: sha512-FQFbRtTaEi8ZBi/A6kxOC0V0E9B/97vPdYjY9NdawyLd4Qk5VD5g2pbWN2VR1c0xhzcJm74HWpObPszWC+qTew==}
    engines: {node: '>=12'}
    cpu: [x64]
    os: [freebsd]
    requiresBuild: true
    dev: true
    optional: true

  /@esbuild/linux-arm64@0.17.18:
    resolution: {integrity: sha512-R7pZvQZFOY2sxUG8P6A21eq6q+eBv7JPQYIybHVf1XkQYC+lT7nDBdC7wWKTrbvMXKRaGudp/dzZCwL/863mZQ==}
    engines: {node: '>=12'}
    cpu: [arm64]
    os: [linux]
    requiresBuild: true
    dev: true
    optional: true

  /@esbuild/linux-arm@0.17.18:
    resolution: {integrity: sha512-jW+UCM40LzHcouIaqv3e/oRs0JM76JfhHjCavPxMUti7VAPh8CaGSlS7cmyrdpzSk7A+8f0hiedHqr/LMnfijg==}
    engines: {node: '>=12'}
    cpu: [arm]
    os: [linux]
    requiresBuild: true
    dev: true
    optional: true

  /@esbuild/linux-ia32@0.17.18:
    resolution: {integrity: sha512-ygIMc3I7wxgXIxk6j3V00VlABIjq260i967Cp9BNAk5pOOpIXmd1RFQJQX9Io7KRsthDrQYrtcx7QCof4o3ZoQ==}
    engines: {node: '>=12'}
    cpu: [ia32]
    os: [linux]
    requiresBuild: true
    dev: true
    optional: true

  /@esbuild/linux-loong64@0.17.18:
    resolution: {integrity: sha512-bvPG+MyFs5ZlwYclCG1D744oHk1Pv7j8psF5TfYx7otCVmcJsEXgFEhQkbhNW8otDHL1a2KDINW20cfCgnzgMQ==}
    engines: {node: '>=12'}
    cpu: [loong64]
    os: [linux]
    requiresBuild: true
    dev: true
    optional: true

  /@esbuild/linux-mips64el@0.17.18:
    resolution: {integrity: sha512-oVqckATOAGuiUOa6wr8TXaVPSa+6IwVJrGidmNZS1cZVx0HqkTMkqFGD2HIx9H1RvOwFeWYdaYbdY6B89KUMxA==}
    engines: {node: '>=12'}
    cpu: [mips64el]
    os: [linux]
    requiresBuild: true
    dev: true
    optional: true

  /@esbuild/linux-ppc64@0.17.18:
    resolution: {integrity: sha512-3dLlQO+b/LnQNxgH4l9rqa2/IwRJVN9u/bK63FhOPB4xqiRqlQAU0qDU3JJuf0BmaH0yytTBdoSBHrb2jqc5qQ==}
    engines: {node: '>=12'}
    cpu: [ppc64]
    os: [linux]
    requiresBuild: true
    dev: true
    optional: true

  /@esbuild/linux-riscv64@0.17.18:
    resolution: {integrity: sha512-/x7leOyDPjZV3TcsdfrSI107zItVnsX1q2nho7hbbQoKnmoeUWjs+08rKKt4AUXju7+3aRZSsKrJtaRmsdL1xA==}
    engines: {node: '>=12'}
    cpu: [riscv64]
    os: [linux]
    requiresBuild: true
    dev: true
    optional: true

  /@esbuild/linux-s390x@0.17.18:
    resolution: {integrity: sha512-cX0I8Q9xQkL/6F5zWdYmVf5JSQt+ZfZD2bJudZrWD+4mnUvoZ3TDDXtDX2mUaq6upMFv9FlfIh4Gfun0tbGzuw==}
    engines: {node: '>=12'}
    cpu: [s390x]
    os: [linux]
    requiresBuild: true
    dev: true
    optional: true

  /@esbuild/linux-x64@0.17.18:
    resolution: {integrity: sha512-66RmRsPlYy4jFl0vG80GcNRdirx4nVWAzJmXkevgphP1qf4dsLQCpSKGM3DUQCojwU1hnepI63gNZdrr02wHUA==}
    engines: {node: '>=12'}
    cpu: [x64]
    os: [linux]
    requiresBuild: true
    dev: true
    optional: true

  /@esbuild/netbsd-x64@0.17.18:
    resolution: {integrity: sha512-95IRY7mI2yrkLlTLb1gpDxdC5WLC5mZDi+kA9dmM5XAGxCME0F8i4bYH4jZreaJ6lIZ0B8hTrweqG1fUyW7jbg==}
    engines: {node: '>=12'}
    cpu: [x64]
    os: [netbsd]
    requiresBuild: true
    dev: true
    optional: true

  /@esbuild/openbsd-x64@0.17.18:
    resolution: {integrity: sha512-WevVOgcng+8hSZ4Q3BKL3n1xTv5H6Nb53cBrtzzEjDbbnOmucEVcZeGCsCOi9bAOcDYEeBZbD2SJNBxlfP3qiA==}
    engines: {node: '>=12'}
    cpu: [x64]
    os: [openbsd]
    requiresBuild: true
    dev: true
    optional: true

  /@esbuild/sunos-x64@0.17.18:
    resolution: {integrity: sha512-Rzf4QfQagnwhQXVBS3BYUlxmEbcV7MY+BH5vfDZekU5eYpcffHSyjU8T0xucKVuOcdCsMo+Ur5wmgQJH2GfNrg==}
    engines: {node: '>=12'}
    cpu: [x64]
    os: [sunos]
    requiresBuild: true
    dev: true
    optional: true

  /@esbuild/win32-arm64@0.17.18:
    resolution: {integrity: sha512-Kb3Ko/KKaWhjeAm2YoT/cNZaHaD1Yk/pa3FTsmqo9uFh1D1Rfco7BBLIPdDOozrObj2sahslFuAQGvWbgWldAg==}
    engines: {node: '>=12'}
    cpu: [arm64]
    os: [win32]
    requiresBuild: true
    dev: true
    optional: true

  /@esbuild/win32-ia32@0.17.18:
    resolution: {integrity: sha512-0/xUMIdkVHwkvxfbd5+lfG7mHOf2FRrxNbPiKWg9C4fFrB8H0guClmaM3BFiRUYrznVoyxTIyC/Ou2B7QQSwmw==}
    engines: {node: '>=12'}
    cpu: [ia32]
    os: [win32]
    requiresBuild: true
    dev: true
    optional: true

  /@esbuild/win32-x64@0.17.18:
    resolution: {integrity: sha512-qU25Ma1I3NqTSHJUOKi9sAH1/Mzuvlke0ioMJRthLXKm7JiSKVwFghlGbDLOO2sARECGhja4xYfRAZNPAkooYg==}
    engines: {node: '>=12'}
    cpu: [x64]
    os: [win32]
    requiresBuild: true
    dev: true
    optional: true

  /@jridgewell/gen-mapping@0.3.3:
    resolution: {integrity: sha512-HLhSWOLRi875zjjMG/r+Nv0oCW8umGb0BgEhyX3dDX3egwZtB8PqLnjz3yedt8R5StBrzcg4aBpnh8UA9D1BoQ==}
    engines: {node: '>=6.0.0'}
    dependencies:
      '@jridgewell/set-array': 1.1.2
      '@jridgewell/sourcemap-codec': 1.4.15
      '@jridgewell/trace-mapping': 0.3.18
    dev: true

  /@jridgewell/resolve-uri@3.1.0:
    resolution: {integrity: sha512-F2msla3tad+Mfht5cJq7LSXcdudKTWCVYUgw6pLFOOHSTtZlj6SWNYAp+AhuqLmWdBO2X5hPrLcu8cVP8fy28w==}
    engines: {node: '>=6.0.0'}
    dev: true

  /@jridgewell/set-array@1.1.2:
    resolution: {integrity: sha512-xnkseuNADM0gt2bs+BvhO0p78Mk762YnZdsuzFV018NoG1Sj1SCQvpSqa7XUaTam5vAGasABV9qXASMKnFMwMw==}
    engines: {node: '>=6.0.0'}
    dev: true

  /@jridgewell/source-map@0.3.3:
    resolution: {integrity: sha512-b+fsZXeLYi9fEULmfBrhxn4IrPlINf8fiNarzTof004v3lFdntdwa9PF7vFJqm3mg7s+ScJMxXaE3Acp1irZcg==}
    dependencies:
      '@jridgewell/gen-mapping': 0.3.3
      '@jridgewell/trace-mapping': 0.3.18
    dev: true

  /@jridgewell/sourcemap-codec@1.4.14:
    resolution: {integrity: sha512-XPSJHWmi394fuUuzDnGz1wiKqWfo1yXecHQMRf2l6hztTO+nPru658AyDngaBe7isIxEkRsPR3FZh+s7iVa4Uw==}
    dev: true

  /@jridgewell/sourcemap-codec@1.4.15:
    resolution: {integrity: sha512-eF2rxCRulEKXHTRiDrDy6erMYWqNw4LPdQ8UQA4huuxaQsVeRPFl2oM8oDGxMFhJUWZf9McpLtJasDDZb/Bpeg==}
    dev: true

  /@jridgewell/trace-mapping@0.3.18:
    resolution: {integrity: sha512-w+niJYzMHdd7USdiH2U6869nqhD2nbfZXND5Yp93qIbEmnDNk7PD48o+YchRVpzMU7M6jVCbenTR7PA1FLQ9pA==}
    dependencies:
      '@jridgewell/resolve-uri': 3.1.0
      '@jridgewell/sourcemap-codec': 1.4.14
    dev: true

  /@rollup/plugin-alias@5.0.0(rollup@3.21.0):
    resolution: {integrity: sha512-l9hY5chSCjuFRPsnRm16twWBiSApl2uYFLsepQYwtBuAxNMQ/1dJqADld40P0Jkqm65GRTLy/AC6hnpVebtLsA==}
    engines: {node: '>=14.0.0'}
    peerDependencies:
      rollup: ^1.20.0||^2.0.0||^3.0.0
    peerDependenciesMeta:
      rollup:
        optional: true
    dependencies:
      rollup: 3.21.0
      slash: 4.0.0
    dev: true

  /@rollup/plugin-terser@0.4.1(rollup@3.21.0):
    resolution: {integrity: sha512-aKS32sw5a7hy+fEXVy+5T95aDIwjpGHCTv833HXVtyKMDoVS7pBr5K3L9hEQoNqbJFjfANPrNpIXlTQ7is00eA==}
    engines: {node: '>=14.0.0'}
    peerDependencies:
      rollup: ^2.x || ^3.x
    peerDependenciesMeta:
      rollup:
        optional: true
    dependencies:
      rollup: 3.21.0
      serialize-javascript: 6.0.1
      smob: 0.0.6
      terser: 5.17.1
    dev: true

  /@rollup/pluginutils@5.0.2(rollup@3.21.0):
    resolution: {integrity: sha512-pTd9rIsP92h+B6wWwFbW8RkZv4hiR/xKsqre4SIuAOaOEQRxi0lqLke9k2/7WegC85GgUs9pjmOjCUi3In4vwA==}
    engines: {node: '>=14.0.0'}
    peerDependencies:
      rollup: ^1.20.0||^2.0.0||^3.0.0
    peerDependenciesMeta:
      rollup:
        optional: true
    dependencies:
      '@types/estree': 1.0.1
      estree-walker: 2.0.2
      picomatch: 2.3.1
      rollup: 3.21.0
    dev: true

  /@types/estree@1.0.1:
    resolution: {integrity: sha512-LG4opVs2ANWZ1TJoKc937iMmNstM/d0ae1vNbnBvBhqCSezgVUOzcLCqbI5elV8Vy6WKwKjaqR+zO9VKirBBCA==}
    dev: true

  /acorn@8.8.2:
    resolution: {integrity: sha512-xjIYgE8HBrkpd/sJqOGNspf8uHG+NOHGOw6a/Urj8taM2EXfdNAH2oFcPeIFfsv3+kz/mJrS5VuMqbNLjCa2vw==}
    engines: {node: '>=0.4.0'}
    hasBin: true
    dev: true

  /buffer-from@1.1.2:
    resolution: {integrity: sha512-E+XQCRwSbaaiChtv6k6Dwgc+bx+Bs6vuKJHHl5kox/BaKbhiXzqQOwK4cO22yElGp2OCmjwVhT3HmxgyPGnJfQ==}
    dev: true

  /commander@2.20.3:
    resolution: {integrity: sha512-GpVkmM8vF2vQUkj2LvZmD35JxeJOLCwJ9cUkugyk2nuhbv3+mJvpLYYt+0+USMxE+oj+ey/lJEnhZw75x/OMcQ==}
    dev: true

  /debug@4.3.4:
    resolution: {integrity: sha512-PRWFHuSU3eDtQJPvnNY7Jcket1j0t5OuOsFzPPzsekD52Zl8qUfFIPEiswXqIvHWGVHOgX+7G/vCNNhehwxfkQ==}
    engines: {node: '>=6.0'}
    peerDependencies:
      supports-color: '*'
    peerDependenciesMeta:
      supports-color:
        optional: true
    dependencies:
      ms: 2.1.2
    dev: true

  /es-module-lexer@1.2.1:
    resolution: {integrity: sha512-9978wrXM50Y4rTMmW5kXIC09ZdXQZqkE4mxhwkd8VbzsGkXGPgV4zWuqQJgCEzYngdo2dYDa0l8xhX4fkSwJSg==}
    dev: true

  /esbuild@0.17.18:
    resolution: {integrity: sha512-z1lix43jBs6UKjcZVKOw2xx69ffE2aG0PygLL5qJ9OS/gy0Ewd1gW/PUQIOIQGXBHWNywSc0floSKoMFF8aK2w==}
    engines: {node: '>=12'}
    hasBin: true
    requiresBuild: true
    optionalDependencies:
      '@esbuild/android-arm': 0.17.18
      '@esbuild/android-arm64': 0.17.18
      '@esbuild/android-x64': 0.17.18
      '@esbuild/darwin-arm64': 0.17.18
      '@esbuild/darwin-x64': 0.17.18
      '@esbuild/freebsd-arm64': 0.17.18
      '@esbuild/freebsd-x64': 0.17.18
      '@esbuild/linux-arm': 0.17.18
      '@esbuild/linux-arm64': 0.17.18
      '@esbuild/linux-ia32': 0.17.18
      '@esbuild/linux-loong64': 0.17.18
      '@esbuild/linux-mips64el': 0.17.18
      '@esbuild/linux-ppc64': 0.17.18
      '@esbuild/linux-riscv64': 0.17.18
      '@esbuild/linux-s390x': 0.17.18
      '@esbuild/linux-x64': 0.17.18
      '@esbuild/netbsd-x64': 0.17.18
      '@esbuild/openbsd-x64': 0.17.18
      '@esbuild/sunos-x64': 0.17.18
      '@esbuild/win32-arm64': 0.17.18
      '@esbuild/win32-ia32': 0.17.18
      '@esbuild/win32-x64': 0.17.18
    dev: true

  /estree-walker@2.0.2:
    resolution: {integrity: sha512-Rfkk/Mp/DL7JVje3u18FxFujQlTNR2q6QfMSMB7AvCBx91NGj/ba3kCfza0f6dVDbw7YlRf/nDrn7pQrCCyQ/w==}
    dev: true

  /fsevents@2.3.2:
    resolution: {integrity: sha512-xiqMQR4xAeHTuB9uWm+fFRcIOgKBMiOBP+eXiyT7jsgVCq1bkVygt00oASowB7EdtpOHaaPgKt812P9ab+DDKA==}
    engines: {node: ^8.16.0 || ^10.6.0 || >=11.0.0}
    os: [darwin]
    requiresBuild: true
    dev: true
    optional: true

  /joycon@3.1.1:
    resolution: {integrity: sha512-34wB/Y7MW7bzjKRjUKTa46I2Z7eV62Rkhva+KkopW7Qvv/OSWBqvkSY7vusOPrNuZcUG3tApvdVgNB8POj3SPw==}
    engines: {node: '>=10'}
    dev: true

  /jsonc-parser@3.2.0:
    resolution: {integrity: sha512-gfFQZrcTc8CnKXp6Y4/CBT3fTc0OVuDofpre4aEeEpSBPV5X5v4+Vmx+8snU7RLPrNHPKSgLxGo9YuQzz20o+w==}
    dev: true

  /ms@2.1.2:
    resolution: {integrity: sha512-sGkPx+VjMtmA6MX27oA4FBFELFCZZ4S4XqeGOXCv68tT+jb3vk/RyaKWP0PTKyWtmLSM0b+adUTEvbs1PEaH2w==}
    dev: true

  /picomatch@2.3.1:
    resolution: {integrity: sha512-JU3teHTNjmE2VCGFzuY8EXzCDVwEqB2a8fsIvwaStHhAWJEeVd1o1QD80CU6+ZdEXXSLbSsuLwJjkCBWqRQUVA==}
    engines: {node: '>=8.6'}
    dev: true

  /prettier@2.8.8:
    resolution: {integrity: sha512-tdN8qQGvNjw4CHbY+XXk0JgCXn9QiF21a55rBe5LJAU+kDyC4WQn4+awm2Xfk2lQMk5fKup9XgzTZtGkjBdP9Q==}
    engines: {node: '>=10.13.0'}
    hasBin: true
    dev: true

  /randombytes@2.1.0:
    resolution: {integrity: sha512-vYl3iOX+4CKUWuxGi9Ukhie6fsqXqS9FE2Zaic4tNFD2N2QQaXOMFbuKK4QmDHC0JO6B1Zp41J0LpT0oR68amQ==}
    dependencies:
      safe-buffer: 5.2.1
    dev: true

  /rollup-plugin-esbuild@5.0.0(esbuild@0.17.18)(rollup@3.21.0):
    resolution: {integrity: sha512-1cRIOHAPh8WQgdQQyyvFdeOdxuiyk+zB5zJ5+YOwrZP4cJ0MT3Fs48pQxrZeyZHcn+klFherytILVfE4aYrneg==}
    engines: {node: '>=14.18.0', npm: '>=8.0.0'}
    peerDependencies:
      esbuild: '>=0.10.1'
      rollup: ^1.20.0 || ^2.0.0 || ^3.0.0
    dependencies:
      '@rollup/pluginutils': 5.0.2(rollup@3.21.0)
      debug: 4.3.4
      es-module-lexer: 1.2.1
      esbuild: 0.17.18
      joycon: 3.1.1
      jsonc-parser: 3.2.0
      rollup: 3.21.0
    transitivePeerDependencies:
      - supports-color
    dev: true

  /rollup@3.21.0:
    resolution: {integrity: sha512-ANPhVcyeHvYdQMUyCbczy33nbLzI7RzrBje4uvNiTDJGIMtlKoOStmympwr9OtS1LZxiDmE2wvxHyVhoLtf1KQ==}
    engines: {node: '>=14.18.0', npm: '>=8.0.0'}
    hasBin: true
    optionalDependencies:
      fsevents: 2.3.2
    dev: true

  /safe-buffer@5.2.1:
    resolution: {integrity: sha512-rp3So07KcdmmKbGvgaNxQSJr7bGVSVk5S9Eq1F+ppbRo70+YeaDxkw5Dd8NPN+GD6bjnYm2VuPuCXmpuYvmCXQ==}
    dev: true

  /serialize-javascript@6.0.1:
    resolution: {integrity: sha512-owoXEFjWRllis8/M1Q+Cw5k8ZH40e3zhp/ovX+Xr/vi1qj6QesbyXXViFbpNvWvPNAD62SutwEXavefrLJWj7w==}
    dependencies:
      randombytes: 2.1.0
    dev: true

  /slash@4.0.0:
    resolution: {integrity: sha512-3dOsAHXXUkQTpOYcoAxLIorMTp4gIQr5IW3iVb7A7lFIp0VHhnynm9izx6TssdrIcVIESAlVjtnO2K8bg+Coew==}
    engines: {node: '>=12'}
    dev: true

  /smob@0.0.6:
    resolution: {integrity: sha512-V21+XeNni+tTyiST1MHsa84AQhT1aFZipzPpOFAVB8DkHzwJyjjAmt9bgwnuZiZWnIbMo2duE29wybxv/7HWUw==}
    dev: true

  /source-map-support@0.5.21:
    resolution: {integrity: sha512-uBHU3L3czsIyYXKX88fdrGovxdSCoTGDRZ6SYXtSRxLZUzHg5P/66Ht6uoUlHu9EZod+inXhKo3qQgwXUT/y1w==}
    dependencies:
      buffer-from: 1.1.2
      source-map: 0.6.1
    dev: true

  /source-map@0.6.1:
    resolution: {integrity: sha512-UjgapumWlbMhkBgzT7Ykc5YXUT46F0iKu8SGXq0bcwP5dz/h0Plj6enJqjz1Zbq2l5WaqYnrVbwWOWMyF3F47g==}
    engines: {node: '>=0.10.0'}
    dev: true

  /terser@5.17.1:
    resolution: {integrity: sha512-hVl35zClmpisy6oaoKALOpS0rDYLxRFLHhRuDlEGTKey9qHjS1w9GMORjuwIMt70Wan4lwsLYyWDVnWgF+KUEw==}
    engines: {node: '>=10'}
    hasBin: true
    dependencies:
      '@jridgewell/source-map': 0.3.3
      acorn: 8.8.2
      commander: 2.20.3
      source-map-support: 0.5.21
    dev: true
